
Microsoft Visual Studio Solution File, Format Version 12.00
# Visual Studio Version 16
VisualStudioVersion = 16.0.29509.3
MinimumVisualStudioVersion = 10.0.40219.1
Project("{FAE04EC0-301F-11D3-BF4B-00C04F79EFBC}") = "tbinf2", "tbinf2\tbinf2.csproj", "{1A63B839-6C99-4DA2-B120-D408540D42D7}"
EndProject
Project("{FAE04EC0-301F-11D3-BF4B-00C04F79EFBC}") = "tbBubblePerson", "tbBubble\tbBubblePerson.csproj", "{AAA3BD72-DD88-4F9D-ABC4-2CE25DC884B1}"
EndProject
Project("{FAE04EC0-301F-11D3-BF4B-00C04F79EFBC}") = "tbSearchTime", "tbBinarySearch\tbSearchTime.csproj", "{29AC65E2-462E-4525-B094-043AC4F1685B}"
EndProject
Project("{FAE04EC0-301F-11D3-BF4B-00C04F79EFBC}") = "tbQuickSort", "tbQuickSort\tbQuickSort.csproj", "{DFBBD092-CFC6-431A-A47D-F1F1B3ED750F}"
EndProject
Project("{FAE04EC0-301F-11D3-BF4B-00C04F79EFBC}") = "tbSimpleServer", "tbSimpleServer\tbSimpleServer.csproj", "{028B9DF9-AC1A-478A-A842-6757DC3AFBFB}"
EndProject
Project("{FAE04EC0-301F-11D3-BF4B-00C04F79EFBC}") = "tbSimpleClient", "tbSimpleClient\tbSimpleClient.csproj", "{5A79A8FC-37C6-4474-8D71-9B420A27FB47}"
EndProject
Project("{FAE04EC0-301F-11D3-BF4B-00C04F79EFBC}") = "tbTryCatch", "tbTryCatch\tbTryCatch.csproj", "{265F457D-7360-4609-9795-9A84F4A32EB9}"
EndProject
Project("{FAE04EC0-301F-11D3-BF4B-00C04F79EFBC}") = "tbThreads", "tbThreads\tbThreads.csproj", "{0D0A7911-5837-47B6-8AB8-72F43127D62B}"
EndProject
Project("{FAE04EC0-301F-11D3-BF4B-00C04F79EFBC}") = "tbServerMultipleClients", "tbServerMultipleClients\tbServerMultipleClients.csproj", "{602FE4A3-753F-4084-8427-FB8411A42733}"
EndProject
Project("{FAE04EC0-301F-11D3-BF4B-00C04F79EFBC}") = "tbClientThreads", "tbClientThreads\tbClientThreads.csproj", "{74588584-98DD-4C73-8195-F4A5994C3698}"
EndProject
Global
	GlobalSection(SolutionConfigurationPlatforms) = preSolution
		Debug|Any CPU = Debug|Any CPU
		Release|Any CPU = Release|Any CPU
	EndGlobalSection
	GlobalSection(ProjectConfigurationPlatforms) = postSolution
		{1A63B839-6C99-4DA2-B120-D408540D42D7}.Debug|Any CPU.ActiveCfg = Debug|Any CPU
		{1A63B839-6C99-4DA2-B120-D408540D42D7}.Debug|Any CPU.Build.0 = Debug|Any CPU
		{1A63B839-6C99-4DA2-B120-D408540D42D7}.Release|Any CPU.ActiveCfg = Release|Any CPU
		{1A63B839-6C99-4DA2-B120-D408540D42D7}.Release|Any CPU.Build.0 = Release|Any CPU
		{AAA3BD72-DD88-4F9D-ABC4-2CE25DC884B1}.Debug|Any CPU.ActiveCfg = Debug|Any CPU
		{AAA3BD72-DD88-4F9D-ABC4-2CE25DC884B1}.Debug|Any CPU.Build.0 = Debug|Any CPU
		{AAA3BD72-DD88-4F9D-ABC4-2CE25DC884B1}.Release|Any CPU.ActiveCfg = Release|Any CPU
		{AAA3BD72-DD88-4F9D-ABC4-2CE25DC884B1}.Release|Any CPU.Build.0 = Release|Any CPU
		{29AC65E2-462E-4525-B094-043AC4F1685B}.Debug|Any CPU.ActiveCfg = Debug|Any CPU
		{29AC65E2-462E-4525-B094-043AC4F1685B}.Debug|Any CPU.Build.0 = Debug|Any CPU
		{29AC65E2-462E-4525-B094-043AC4F1685B}.Release|Any CPU.ActiveCfg = Release|Any CPU
		{29AC65E2-462E-4525-B094-043AC4F1685B}.Release|Any CPU.Build.0 = Release|Any CPU
		{DFBBD092-CFC6-431A-A47D-F1F1B3ED750F}.Debug|Any CPU.ActiveCfg = Debug|Any CPU
		{DFBBD092-CFC6-431A-A47D-F1F1B3ED750F}.Debug|Any CPU.Build.0 = Debug|Any CPU
		{DFBBD092-CFC6-431A-A47D-F1F1B3ED750F}.Release|Any CPU.ActiveCfg = Release|Any CPU
		{DFBBD092-CFC6-431A-A47D-F1F1B3ED750F}.Release|Any CPU.Build.0 = Release|Any CPU
		{028B9DF9-AC1A-478A-A842-6757DC3AFBFB}.Debug|Any CPU.ActiveCfg = Debug|Any CPU
		{028B9DF9-AC1A-478A-A842-6757DC3AFBFB}.Debug|Any CPU.Build.0 = Debug|Any CPU
		{028B9DF9-AC1A-478A-A842-6757DC3AFBFB}.Release|Any CPU.ActiveCfg = Release|Any CPU
		{028B9DF9-AC1A-478A-A842-6757DC3AFBFB}.Release|Any CPU.Build.0 = Release|Any CPU
		{5A79A8FC-37C6-4474-8D71-9B420A27FB47}.Debug|Any CPU.ActiveCfg = Debug|Any CPU
		{5A79A8FC-37C6-4474-8D71-9B420A27FB47}.Debug|Any CPU.Build.0 = Debug|Any CPU
		{5A79A8FC-37C6-4474-8D71-9B420A27FB47}.Release|Any CPU.ActiveCfg = Release|Any CPU
		{5A79A8FC-37C6-4474-8D71-9B420A27FB47}.Release|Any CPU.Build.0 = Release|Any CPU
		{265F457D-7360-4609-9795-9A84F4A32EB9}.Debug|Any CPU.ActiveCfg = Debug|Any CPU
		{265F457D-7360-4609-9795-9A84F4A32EB9}.Debug|Any CPU.Build.0 = Debug|Any CPU
		{265F457D-7360-4609-9795-9A84F4A32EB9}.Release|Any CPU.ActiveCfg = Release|Any CPU
		{265F457D-7360-4609-9795-9A84F4A32EB9}.Release|Any CPU.Build.0 = Release|Any CPU
		{0D0A7911-5837-47B6-8AB8-72F43127D62B}.Debug|Any CPU.ActiveCfg = Debug|Any CPU
		{0D0A7911-5837-47B6-8AB8-72F43127D62B}.Debug|Any CPU.Build.0 = Debug|Any CPU
		{0D0A7911-5837-47B6-8AB8-72F43127D62B}.Release|Any CPU.ActiveCfg = Release|Any CPU
		{0D0A7911-5837-47B6-8AB8-72F43127D62B}.Release|Any CPU.Build.0 = Release|Any CPU
		{602FE4A3-753F-4084-8427-FB8411A42733}.Debug|Any CPU.ActiveCfg = Debug|Any CPU
		{602FE4A3-753F-4084-8427-FB8411A42733}.Debug|Any CPU.Build.0 = Debug|Any CPU
		{602FE4A3-753F-4084-8427-FB8411A42733}.Release|Any CPU.ActiveCfg = Release|Any CPU
		{602FE4A3-753F-4084-8427-FB8411A42733}.Release|Any CPU.Build.0 = Release|Any CPU
		{74588584-98DD-4C73-8195-F4A5994C3698}.Debug|Any CPU.ActiveCfg = Debug|Any CPU
		{74588584-98DD-4C73-8195-F4A5994C3698}.Debug|Any CPU.Build.0 = Debug|Any CPU
		{74588584-98DD-4C73-8195-F4A5994C3698}.Release|Any CPU.ActiveCfg = Release|Any CPU
		{74588584-98DD-4C73-8195-F4A5994C3698}.Release|Any CPU.Build.0 = Release|Any CPU
	EndGlobalSection
	GlobalSection(SolutionProperties) = preSolution
		HideSolutionNode = FALSE
	EndGlobalSection
	GlobalSection(ExtensibilityGlobals) = postSolution
		SolutionGuid = {6998C2F9-D406-47DB-BAA6-C2D10C79395C}
	EndGlobalSection
EndGlobal
