
Microsoft Visual Studio Solution File, Format Version 12.00
# Visual Studio Version 16
VisualStudioVersion = 16.0.29509.3
MinimumVisualStudioVersion = 10.0.40219.1
Project("{FAE04EC0-301F-11D3-BF4B-00C04F79EFBC}") = "tbinf2", "tbinf2\tbinf2.csproj", "{1A63B839-6C99-4DA2-B120-D408540D42D7}"
EndProject
Project("{FAE04EC0-301F-11D3-BF4B-00C04F79EFBC}") = "tbBubblePerson", "tbBubble\tbBubblePerson.csproj", "{AAA3BD72-DD88-4F9D-ABC4-2CE25DC884B1}"
EndProject
Project("{FAE04EC0-301F-11D3-BF4B-00C04F79EFBC}") = "tbSearchTime", "tbBinarySearch\tbSearchTime.csproj", "{29AC65E2-462E-4525-B094-043AC4F1685B}"
EndProject
Project("{FAE04EC0-301F-11D3-BF4B-00C04F79EFBC}") = "tbQuickSort", "tbQuickSort\tbQuickSort.csproj", "{DFBBD092-CFC6-431A-A47D-F1F1B3ED750F}"
EndProject
Global
	GlobalSection(SolutionConfigurationPlatforms) = preSolution
		Debug|Any CPU = Debug|Any CPU
		Release|Any CPU = Release|Any CPU
	EndGlobalSection
	GlobalSection(ProjectConfigurationPlatforms) = postSolution
		{1A63B839-6C99-4DA2-B120-D408540D42D7}.Debug|Any CPU.ActiveCfg = Debug|Any CPU
		{1A63B839-6C99-4DA2-B120-D408540D42D7}.Debug|Any CPU.Build.0 = Debug|Any CPU
		{1A63B839-6C99-4DA2-B120-D408540D42D7}.Release|Any CPU.ActiveCfg = Release|Any CPU
		{1A63B839-6C99-4DA2-B120-D408540D42D7}.Release|Any CPU.Build.0 = Release|Any CPU
		{AAA3BD72-DD88-4F9D-ABC4-2CE25DC884B1}.Debug|Any CPU.ActiveCfg = Debug|Any CPU
		{AAA3BD72-DD88-4F9D-ABC4-2CE25DC884B1}.Debug|Any CPU.Build.0 = Debug|Any CPU
		{AAA3BD72-DD88-4F9D-ABC4-2CE25DC884B1}.Release|Any CPU.ActiveCfg = Release|Any CPU
		{AAA3BD72-DD88-4F9D-ABC4-2CE25DC884B1}.Release|Any CPU.Build.0 = Release|Any CPU
		{29AC65E2-462E-4525-B094-043AC4F1685B}.Debug|Any CPU.ActiveCfg = Debug|Any CPU
		{29AC65E2-462E-4525-B094-043AC4F1685B}.Debug|Any CPU.Build.0 = Debug|Any CPU
		{29AC65E2-462E-4525-B094-043AC4F1685B}.Release|Any CPU.ActiveCfg = Release|Any CPU
		{29AC65E2-462E-4525-B094-043AC4F1685B}.Release|Any CPU.Build.0 = Release|Any CPU
		{DFBBD092-CFC6-431A-A47D-F1F1B3ED750F}.Debug|Any CPU.ActiveCfg = Debug|Any CPU
		{DFBBD092-CFC6-431A-A47D-F1F1B3ED750F}.Debug|Any CPU.Build.0 = Debug|Any CPU
		{DFBBD092-CFC6-431A-A47D-F1F1B3ED750F}.Release|Any CPU.ActiveCfg = Release|Any CPU
		{DFBBD092-CFC6-431A-A47D-F1F1B3ED750F}.Release|Any CPU.Build.0 = Release|Any CPU
	EndGlobalSection
	GlobalSection(SolutionProperties) = preSolution
		HideSolutionNode = FALSE
	EndGlobalSection
	GlobalSection(ExtensibilityGlobals) = postSolution
		SolutionGuid = {6998C2F9-D406-47DB-BAA6-C2D10C79395C}
	EndGlobalSection
EndGlobal
